// !$*UTF8*$!
{
	archiveVersion = 1;
	classes = {
	};
	objectVersion = 46;
	objects = {

/* Begin PBXBuildFile section */
		14DD5F2E1E33EF9400AF2119 /* AppDelegate.swift in Sources */ = {isa = PBXBuildFile; fileRef = 14DD5F2D1E33EF9400AF2119 /* AppDelegate.swift */; };
		14DD5F301E33EF9400AF2119 /* MQTTSubscribeViewController.swift in Sources */ = {isa = PBXBuildFile; fileRef = 14DD5F2F1E33EF9400AF2119 /* MQTTSubscribeViewController.swift */; };
		14DD5F331E33EF9400AF2119 /* Main.storyboard in Resources */ = {isa = PBXBuildFile; fileRef = 14DD5F311E33EF9400AF2119 /* Main.storyboard */; };
		14DD5F351E33EF9400AF2119 /* Assets.xcassets in Resources */ = {isa = PBXBuildFile; fileRef = 14DD5F341E33EF9400AF2119 /* Assets.xcassets */; };
		14DD5F381E33EF9400AF2119 /* LaunchScreen.storyboard in Resources */ = {isa = PBXBuildFile; fileRef = 14DD5F361E33EF9400AF2119 /* LaunchScreen.storyboard */; };
		C776BA72548CC9927A194543 /* Pods_RRP_Admin.framework in Frameworks */ = {isa = PBXBuildFile; fileRef = F67568CE5A52A016317CEF04 /* Pods_RRP_Admin.framework */; };
/* End PBXBuildFile section */

/* Begin PBXFileReference section */
		14DD5F2A1E33EF9400AF2119 /* RRP-Admin.app */ = {isa = PBXFileReference; explicitFileType = wrapper.application; includeInIndex = 0; path = "RRP-Admin.app"; sourceTree = BUILT_PRODUCTS_DIR; };
		14DD5F2D1E33EF9400AF2119 /* AppDelegate.swift */ = {isa = PBXFileReference; lastKnownFileType = sourcecode.swift; path = AppDelegate.swift; sourceTree = "<group>"; };
		14DD5F2F1E33EF9400AF2119 /* MQTTSubscribeViewController.swift */ = {isa = PBXFileReference; lastKnownFileType = sourcecode.swift; path = MQTTSubscribeViewController.swift; sourceTree = "<group>"; };
		14DD5F321E33EF9400AF2119 /* Base */ = {isa = PBXFileReference; lastKnownFileType = file.storyboard; name = Base; path = Base.lproj/Main.storyboard; sourceTree = "<group>"; };
		14DD5F341E33EF9400AF2119 /* Assets.xcassets */ = {isa = PBXFileReference; lastKnownFileType = folder.assetcatalog; path = Assets.xcassets; sourceTree = "<group>"; };
		14DD5F371E33EF9400AF2119 /* Base */ = {isa = PBXFileReference; lastKnownFileType = file.storyboard; name = Base; path = Base.lproj/LaunchScreen.storyboard; sourceTree = "<group>"; };
		14DD5F391E33EF9400AF2119 /* Info.plist */ = {isa = PBXFileReference; lastKnownFileType = text.plist.xml; path = Info.plist; sourceTree = "<group>"; };
		3A8D63CEC910923D5A9166E8 /* Pods-RRP-Admin.release.xcconfig */ = {isa = PBXFileReference; includeInIndex = 1; lastKnownFileType = text.xcconfig; name = "Pods-RRP-Admin.release.xcconfig"; path = "Pods/Target Support Files/Pods-RRP-Admin/Pods-RRP-Admin.release.xcconfig"; sourceTree = "<group>"; };
		6863EC351959DCE0DF508043 /* Pods-RRP-Admin.debug.xcconfig */ = {isa = PBXFileReference; includeInIndex = 1; lastKnownFileType = text.xcconfig; name = "Pods-RRP-Admin.debug.xcconfig"; path = "Pods/Target Support Files/Pods-RRP-Admin/Pods-RRP-Admin.debug.xcconfig"; sourceTree = "<group>"; };
		F67568CE5A52A016317CEF04 /* Pods_RRP_Admin.framework */ = {isa = PBXFileReference; explicitFileType = wrapper.framework; includeInIndex = 0; path = Pods_RRP_Admin.framework; sourceTree = BUILT_PRODUCTS_DIR; };
/* End PBXFileReference section */

/* Begin PBXFrameworksBuildPhase section */
		14DD5F271E33EF9400AF2119 /* Frameworks */ = {
			isa = PBXFrameworksBuildPhase;
			buildActionMask = 2147483647;
			files = (
				C776BA72548CC9927A194543 /* Pods_RRP_Admin.framework in Frameworks */,
			);
			runOnlyForDeploymentPostprocessing = 0;
		};
/* End PBXFrameworksBuildPhase section */

/* Begin PBXGroup section */
		0E1F84E84CF11D7DE1AE2748 /* Pods */ = {
			isa = PBXGroup;
			children = (
				6863EC351959DCE0DF508043 /* Pods-RRP-Admin.debug.xcconfig */,
				3A8D63CEC910923D5A9166E8 /* Pods-RRP-Admin.release.xcconfig */,
			);
			name = Pods;
			sourceTree = "<group>";
		};
		14DD5F211E33EF9400AF2119 = {
			isa = PBXGroup;
			children = (
				14DD5F2C1E33EF9400AF2119 /* RRP-Admin */,
				14DD5F2B1E33EF9400AF2119 /* Products */,
				0E1F84E84CF11D7DE1AE2748 /* Pods */,
				724B99F75409A741DE72B99E /* Frameworks */,
			);
			sourceTree = "<group>";
		};
		14DD5F2B1E33EF9400AF2119 /* Products */ = {
			isa = PBXGroup;
			children = (
				14DD5F2A1E33EF9400AF2119 /* RRP-Admin.app */,
			);
			name = Products;
			sourceTree = "<group>";
		};
		14DD5F2C1E33EF9400AF2119 /* RRP-Admin */ = {
			isa = PBXGroup;
			children = (
				14DD5F2D1E33EF9400AF2119 /* AppDelegate.swift */,
				14DD5F2F1E33EF9400AF2119 /* MQTTSubscribeViewController.swift */,
				14DD5F311E33EF9400AF2119 /* Main.storyboard */,
				14DD5F341E33EF9400AF2119 /* Assets.xcassets */,
				14DD5F361E33EF9400AF2119 /* LaunchScreen.storyboard */,
				14DD5F391E33EF9400AF2119 /* Info.plist */,
			);
			path = "RRP-Admin";
			sourceTree = "<group>";
		};
		724B99F75409A741DE72B99E /* Frameworks */ = {
			isa = PBXGroup;
			children = (
				F67568CE5A52A016317CEF04 /* Pods_RRP_Admin.framework */,
			);
			name = Frameworks;
			sourceTree = "<group>";
		};
/* End PBXGroup section */

/* Begin PBXNativeTarget section */
		14DD5F291E33EF9400AF2119 /* RRP-Admin */ = {
			isa = PBXNativeTarget;
			buildConfigurationList = 14DD5F3C1E33EF9400AF2119 /* Build configuration list for PBXNativeTarget "RRP-Admin" */;
			buildPhases = (
				FC526D1F1BDDA6CCE45DC604 /* [CP] Check Pods Manifest.lock */,
				14DD5F261E33EF9400AF2119 /* Sources */,
				14DD5F271E33EF9400AF2119 /* Frameworks */,
				14DD5F281E33EF9400AF2119 /* Resources */,
				601E4B4B2D1F21EBE5EA9026 /* [CP] Embed Pods Frameworks */,
				97B2328E4DA5543CEECC15E5 /* [CP] Copy Pods Resources */,
			);
			buildRules = (
			);
			dependencies = (
			);
			name = "RRP-Admin";
			productName = "RRP-Admin";
			productReference = 14DD5F2A1E33EF9400AF2119 /* RRP-Admin.app */;
			productType = "com.apple.product-type.application";
		};
/* End PBXNativeTarget section */

/* Begin PBXProject section */
		14DD5F221E33EF9400AF2119 /* Project object */ = {
			isa = PBXProject;
			attributes = {
				LastSwiftUpdateCheck = 0820;
				LastUpgradeCheck = 0820;
				ORGANIZATIONNAME = "Zack Spicer";
				TargetAttributes = {
					14DD5F291E33EF9400AF2119 = {
						CreatedOnToolsVersion = 8.2.1;
						DevelopmentTeam = 72J9W67S8S;
						LastSwiftMigration = 0820;
						ProvisioningStyle = Automatic;
					};
				};
			};
			buildConfigurationList = 14DD5F251E33EF9400AF2119 /* Build configuration list for PBXProject "RRP-Admin" */;
			compatibilityVersion = "Xcode 3.2";
			developmentRegion = English;
			hasScannedForEncodings = 0;
			knownRegions = (
				en,
				Base,
			);
			mainGroup = 14DD5F211E33EF9400AF2119;
			productRefGroup = 14DD5F2B1E33EF9400AF2119 /* Products */;
			projectDirPath = "";
			projectRoot = "";
			targets = (
				14DD5F291E33EF9400AF2119 /* RRP-Admin */,
			);
		};
/* End PBXProject section */

/* Begin PBXResourcesBuildPhase section */
		14DD5F281E33EF9400AF2119 /* Resources */ = {
			isa = PBXResourcesBuildPhase;
			buildActionMask = 2147483647;
			files = (
				14DD5F381E33EF9400AF2119 /* LaunchScreen.storyboard in Resources */,
				14DD5F351E33EF9400AF2119 /* Assets.xcassets in Resources */,
				14DD5F331E33EF9400AF2119 /* Main.storyboard in Resources */,
			);
			runOnlyForDeploymentPostprocessing = 0;
		};
/* End PBXResourcesBuildPhase section */

/* Begin PBXShellScriptBuildPhase section */
		601E4B4B2D1F21EBE5EA9026 /* [CP] Embed Pods Frameworks */ = {
			isa = PBXShellScriptBuildPhase;
			buildActionMask = 2147483647;
			files = (
			);
			inputPaths = (
			);
			name = "[CP] Embed Pods Frameworks";
			outputPaths = (
			);
			runOnlyForDeploymentPostprocessing = 0;
			shellPath = /bin/sh;
			shellScript = "\"${SRCROOT}/Pods/Target Support Files/Pods-RRP-Admin/Pods-RRP-Admin-frameworks.sh\"\n";
			showEnvVarsInLog = 0;
		};
		97B2328E4DA5543CEECC15E5 /* [CP] Copy Pods Resources */ = {
			isa = PBXShellScriptBuildPhase;
			buildActionMask = 2147483647;
			files = (
			);
			inputPaths = (
			);
			name = "[CP] Copy Pods Resources";
			outputPaths = (
			);
			runOnlyForDeploymentPostprocessing = 0;
			shellPath = /bin/sh;
			shellScript = "\"${SRCROOT}/Pods/Target Support Files/Pods-RRP-Admin/Pods-RRP-Admin-resources.sh\"\n";
			showEnvVarsInLog = 0;
		};
		FC526D1F1BDDA6CCE45DC604 /* [CP] Check Pods Manifest.lock */ = {
			isa = PBXShellScriptBuildPhase;
			buildActionMask = 2147483647;
			files = (
			);
			inputPaths = (
			);
			name = "[CP] Check Pods Manifest.lock";
			outputPaths = (
			);
			runOnlyForDeploymentPostprocessing = 0;
			shellPath = /bin/sh;
			shellScript = "diff \"${PODS_ROOT}/../Podfile.lock\" \"${PODS_ROOT}/Manifest.lock\" > /dev/null\nif [[ $? != 0 ]] ; then\n    cat << EOM\nerror: The sandbox is not in sync with the Podfile.lock. Run 'pod install' or update your CocoaPods installation.\nEOM\n    exit 1\nfi\n";
			showEnvVarsInLog = 0;
		};
/* End PBXShellScriptBuildPhase section */

/* Begin PBXSourcesBuildPhase section */
		14DD5F261E33EF9400AF2119 /* Sources */ = {
			isa = PBXSourcesBuildPhase;
			buildActionMask = 2147483647;
			files = (
				14DD5F301E33EF9400AF2119 /* MQTTSubscribeViewController.swift in Sources */,
				14DD5F2E1E33EF9400AF2119 /* AppDelegate.swift in Sources */,
			);
			runOnlyForDeploymentPostprocessing = 0;
		};
/* End PBXSourcesBuildPhase section */

/* Begin PBXVariantGroup section */
		14DD5F311E33EF9400AF2119 /* Main.storyboard */ = {
			isa = PBXVariantGroup;
			children = (
				14DD5F321E33EF9400AF2119 /* Base */,
			);
			name = Main.storyboard;
			sourceTree = "<group>";
		};
		14DD5F361E33EF9400AF2119 /* LaunchScreen.storyboard */ = {
			isa = PBXVariantGroup;
			children = (
				14DD5F371E33EF9400AF2119 /* Base */,
			);
			name = LaunchScreen.storyboard;
			sourceTree = "<group>";
		};
/* End PBXVariantGroup section */

/* Begin XCBuildConfiguration section */
		14DD5F3A1E33EF9400AF2119 /* Debug */ = {
			isa = XCBuildConfiguration;
			buildSettings = {
				ALWAYS_SEARCH_USER_PATHS = NO;
				CLANG_ANALYZER_NONNULL = YES;
				CLANG_CXX_LANGUAGE_STANDARD = "gnu++0x";
				CLANG_CXX_LIBRARY = "libc++";
				CLANG_ENABLE_MODULES = YES;
				CLANG_ENABLE_OBJC_ARC = YES;
				CLANG_WARN_BOOL_CONVERSION = YES;
				CLANG_WARN_CONSTANT_CONVERSION = YES;
				CLANG_WARN_DIRECT_OBJC_ISA_USAGE = YES_ERROR;
				CLANG_WARN_DOCUMENTATION_COMMENTS = YES;
				CLANG_WARN_EMPTY_BODY = YES;
				CLANG_WARN_ENUM_CONVERSION = YES;
				CLANG_WARN_INFINITE_RECURSION = YES;
				CLANG_WARN_INT_CONVERSION = YES;
				CLANG_WARN_OBJC_ROOT_CLASS = YES_ERROR;
				CLANG_WARN_SUSPICIOUS_MOVE = YES;
				CLANG_WARN_UNREACHABLE_CODE = YES;
				CLANG_WARN__DUPLICATE_METHOD_MATCH = YES;
				"CODE_SIGN_IDENTITY[sdk=iphoneos*]" = "iPhone Developer";
				COPY_PHASE_STRIP = NO;
				DEBUG_INFORMATION_FORMAT = dwarf;
				ENABLE_STRICT_OBJC_MSGSEND = YES;
				ENABLE_TESTABILITY = YES;
				GCC_C_LANGUAGE_STANDARD = gnu99;
				GCC_DYNAMIC_NO_PIC = NO;
				GCC_NO_COMMON_BLOCKS = YES;
				GCC_OPTIMIZATION_LEVEL = 0;
				GCC_PREPROCESSOR_DEFINITIONS = (
					"DEBUG=1",
					"$(inherited)",
				);
				GCC_WARN_64_TO_32_BIT_CONVERSION = YES;
				GCC_WARN_ABOUT_RETURN_TYPE = YES_ERROR;
				GCC_WARN_UNDECLARED_SELECTOR = YES;
				GCC_WARN_UNINITIALIZED_AUTOS = YES_AGGRESSIVE;
				GCC_WARN_UNUSED_FUNCTION = YES;
				GCC_WARN_UNUSED_VARIABLE = YES;
				IPHONEOS_DEPLOYMENT_TARGET = 10.2;
				MTL_ENABLE_DEBUG_INFO = YES;
				ONLY_ACTIVE_ARCH = YES;
				SDKROOT = iphoneos;
				SWIFT_ACTIVE_COMPILATION_CONDITIONS = DEBUG;
				SWIFT_OPTIMIZATION_LEVEL = "-Onone";
				TARGETED_DEVICE_FAMILY = "1,2";
			};
			name = Debug;
		};
		14DD5F3B1E33EF9400AF2119 /* Release */ = {
			isa = XCBuildConfiguration;
			buildSettings = {
				ALWAYS_SEARCH_USER_PATHS = NO;
				CLANG_ANALYZER_NONNULL = YES;
				CLANG_CXX_LANGUAGE_STANDARD = "gnu++0x";
				CLANG_CXX_LIBRARY = "libc++";
				CLANG_ENABLE_MODULES = YES;
				CLANG_ENABLE_OBJC_ARC = YES;
				CLANG_WARN_BOOL_CONVERSION = YES;
				CLANG_WARN_CONSTANT_CONVERSION = YES;
				CLANG_WARN_DIRECT_OBJC_ISA_USAGE = YES_ERROR;
				CLANG_WARN_DOCUMENTATION_COMMENTS = YES;
				CLANG_WARN_EMPTY_BODY = YES;
				CLANG_WARN_ENUM_CONVERSION = YES;
				CLANG_WARN_INFINITE_RECURSION = YES;
				CLANG_WARN_INT_CONVERSION = YES;
				CLANG_WARN_OBJC_ROOT_CLASS = YES_ERROR;
				CLANG_WARN_SUSPICIOUS_MOVE = YES;
				CLANG_WARN_UNREACHABLE_CODE = YES;
				CLANG_WARN__DUPLICATE_METHOD_MATCH = YES;
				"CODE_SIGN_IDENTITY[sdk=iphoneos*]" = "iPhone Developer";
				COPY_PHASE_STRIP = NO;
				DEBUG_INFORMATION_FORMAT = "dwarf-with-dsym";
				ENABLE_NS_ASSERTIONS = NO;
				ENABLE_STRICT_OBJC_MSGSEND = YES;
				GCC_C_LANGUAGE_STANDARD = gnu99;
				GCC_NO_COMMON_BLOCKS = YES;
				GCC_WARN_64_TO_32_BIT_CONVERSION = YES;
				GCC_WARN_ABOUT_RETURN_TYPE = YES_ERROR;
				GCC_WARN_UNDECLARED_SELECTOR = YES;
				GCC_WARN_UNINITIALIZED_AUTOS = YES_AGGRESSIVE;
				GCC_WARN_UNUSED_FUNCTION = YES;
				GCC_WARN_UNUSED_VARIABLE = YES;
				IPHONEOS_DEPLOYMENT_TARGET = 10.2;
				MTL_ENABLE_DEBUG_INFO = NO;
				SDKROOT = iphoneos;
				SWIFT_OPTIMIZATION_LEVEL = "-Owholemodule";
				TARGETED_DEVICE_FAMILY = "1,2";
				VALIDATE_PRODUCT = YES;
			};
			name = Release;
		};
		14DD5F3D1E33EF9400AF2119 /* Debug */ = {
			isa = XCBuildConfiguration;
			baseConfigurationReference = 6863EC351959DCE0DF508043 /* Pods-RRP-Admin.debug.xcconfig */;
			buildSettings = {
				ASSETCATALOG_COMPILER_APPICON_NAME = AppIcon;
				"CODE_SIGN_IDENTITY[sdk=iphoneos*]" = "iPhone Developer";
				DEVELOPMENT_TEAM = 72J9W67S8S;
				INFOPLIST_FILE = "RRP-Admin/Info.plist";
				LD_RUNPATH_SEARCH_PATHS = "$(inherited) @executable_path/Frameworks";
				PRODUCT_BUNDLE_IDENTIFIER = "io.racingtech.RRP-Admin";
				PRODUCT_NAME = "$(TARGET_NAME)";
				SWIFT_VERSION = 3.0;
			};
			name = Debug;
		};
		14DD5F3E1E33EF9400AF2119 /* Release */ = {
			isa = XCBuildConfiguration;
			baseConfigurationReference = 3A8D63CEC910923D5A9166E8 /* Pods-RRP-Admin.release.xcconfig */;
			buildSettings = {
				ASSETCATALOG_COMPILER_APPICON_NAME = AppIcon;
				"CODE_SIGN_IDENTITY[sdk=iphoneos*]" = "iPhone Developer";
				DEVELOPMENT_TEAM = 72J9W67S8S;
				INFOPLIST_FILE = "RRP-Admin/Info.plist";
				LD_RUNPATH_SEARCH_PATHS = "$(inherited) @executable_path/Frameworks";
				PRODUCT_BUNDLE_IDENTIFIER = "io.racingtech.RRP-Admin";
				PRODUCT_NAME = "$(TARGET_NAME)";
				SWIFT_VERSION = 3.0;
			};
			name = Release;
		};
/* End XCBuildConfiguration section */

/* Begin XCConfigurationList section */
		14DD5F251E33EF9400AF2119 /* Build configuration list for PBXProject "RRP-Admin" */ = {
			isa = XCConfigurationList;
			buildConfigurations = (
				14DD5F3A1E33EF9400AF2119 /* Debug */,
				14DD5F3B1E33EF9400AF2119 /* Release */,
			);
			defaultConfigurationIsVisible = 0;
			defaultConfigurationName = Release;
		};
		14DD5F3C1E33EF9400AF2119 /* Build configuration list for PBXNativeTarget "RRP-Admin" */ = {
			isa = XCConfigurationList;
			buildConfigurations = (
				14DD5F3D1E33EF9400AF2119 /* Debug */,
				14DD5F3E1E33EF9400AF2119 /* Release */,
			);
			defaultConfigurationIsVisible = 0;
			defaultConfigurationName = Release;
		};
/* End XCConfigurationList section */
	};
	rootObject = 14DD5F221E33EF9400AF2119 /* Project object */;
}
